
Microsoft Visual Studio Solution File, Format Version 12.00
# Visual Studio Version 17
VisualStudioVersion = 17.6.33815.320
MinimumVisualStudioVersion = 10.0.40219.1
Project("{2150E333-8FDC-42A3-9474-1A3956D46DE8}") = "4.Infra", "4.Infra", "{C84FB881-8784-4DE0-99AF-329882D85F48}"
EndProject
Project("{2150E333-8FDC-42A3-9474-1A3956D46DE8}") = "1.Presentation", "1.Presentation", "{B15305C0-399E-4BCE-8E37-C105E0290A8A}"
EndProject
Project("{9A19103F-16F7-4668-BE54-9A1E7A4F7556}") = "SevenDaysOfCodeChallenge.API_Access", "SevenDaysOfCodeChallenge.API_Access\SevenDaysOfCodeChallenge.API_Access.csproj", "{C52C4758-A6CE-4293-86D9-D5B8B57FE453}"
EndProject
Project("{FAE04EC0-301F-11D3-BF4B-00C04F79EFBC}") = "SevenDaysOfCodeChallenge.UI", "SevenDaysOfCodeChallenge.UI\SevenDaysOfCodeChallenge.UI.csproj", "{09F0D537-A6AA-458E-9009-F74C0DF377CC}"
EndProject
Global
	GlobalSection(SolutionConfigurationPlatforms) = preSolution
		Debug|Any CPU = Debug|Any CPU
		Release|Any CPU = Release|Any CPU
	EndGlobalSection
	GlobalSection(ProjectConfigurationPlatforms) = postSolution
		{C52C4758-A6CE-4293-86D9-D5B8B57FE453}.Debug|Any CPU.ActiveCfg = Debug|Any CPU
		{C52C4758-A6CE-4293-86D9-D5B8B57FE453}.Debug|Any CPU.Build.0 = Debug|Any CPU
		{C52C4758-A6CE-4293-86D9-D5B8B57FE453}.Release|Any CPU.ActiveCfg = Release|Any CPU
		{C52C4758-A6CE-4293-86D9-D5B8B57FE453}.Release|Any CPU.Build.0 = Release|Any CPU
		{09F0D537-A6AA-458E-9009-F74C0DF377CC}.Debug|Any CPU.ActiveCfg = Debug|Any CPU
		{09F0D537-A6AA-458E-9009-F74C0DF377CC}.Debug|Any CPU.Build.0 = Debug|Any CPU
		{09F0D537-A6AA-458E-9009-F74C0DF377CC}.Release|Any CPU.ActiveCfg = Release|Any CPU
		{09F0D537-A6AA-458E-9009-F74C0DF377CC}.Release|Any CPU.Build.0 = Release|Any CPU
	EndGlobalSection
	GlobalSection(SolutionProperties) = preSolution
		HideSolutionNode = FALSE
	EndGlobalSection
	GlobalSection(NestedProjects) = preSolution
		{C52C4758-A6CE-4293-86D9-D5B8B57FE453} = {C84FB881-8784-4DE0-99AF-329882D85F48}
		{09F0D537-A6AA-458E-9009-F74C0DF377CC} = {B15305C0-399E-4BCE-8E37-C105E0290A8A}
	EndGlobalSection
	GlobalSection(ExtensibilityGlobals) = postSolution
		SolutionGuid = {A3B51674-E930-4B3E-A07F-9335A68C326A}
	EndGlobalSection
EndGlobal
